
Microsoft Visual Studio Solution File, Format Version 12.00
# Visual Studio Version 17
VisualStudioVersion = 17.3.32825.248
MinimumVisualStudioVersion = 10.0.40219.1
Project("{FAE04EC0-301F-11D3-BF4B-00C04F79EFBC}") = "Demo_T1", "Demo_T1\Demo_T1.csproj", "{0C72AA7F-3893-4F8F-B3EA-2CEC8F6D573C}"
EndProject
Global
	GlobalSection(SolutionConfigurationPlatforms) = preSolution
		Debug|Any CPU = Debug|Any CPU
		Release|Any CPU = Release|Any CPU
	EndGlobalSection
	GlobalSection(ProjectConfigurationPlatforms) = postSolution
		{0C72AA7F-3893-4F8F-B3EA-2CEC8F6D573C}.Debug|Any CPU.ActiveCfg = Debug|Any CPU
		{0C72AA7F-3893-4F8F-B3EA-2CEC8F6D573C}.Debug|Any CPU.Build.0 = Debug|Any CPU
		{0C72AA7F-3893-4F8F-B3EA-2CEC8F6D573C}.Release|Any CPU.ActiveCfg = Release|Any CPU
		{0C72AA7F-3893-4F8F-B3EA-2CEC8F6D573C}.Release|Any CPU.Build.0 = Release|Any CPU
	EndGlobalSection
	GlobalSection(SolutionProperties) = preSolution
		HideSolutionNode = FALSE
	EndGlobalSection
	GlobalSection(ExtensibilityGlobals) = postSolution
		SolutionGuid = {352A906E-A012-4313-BFB4-EFF9E3255F44}
	EndGlobalSection
EndGlobal
